
Microsoft Visual Studio Solution File, Format Version 12.00
# Visual Studio Version 16
VisualStudioVersion = 16.0.31729.503
MinimumVisualStudioVersion = 10.0.40219.1
Project("{FAE04EC0-301F-11D3-BF4B-00C04F79EFBC}") = "puzzle", "puzzle\puzzle.csproj", "{2060E7BD-E46B-484A-AA45-102FBB90B559}"
EndProject
Global
	GlobalSection(SolutionConfigurationPlatforms) = preSolution
		Debug|Any CPU = Debug|Any CPU
		Release|Any CPU = Release|Any CPU
	EndGlobalSection
	GlobalSection(ProjectConfigurationPlatforms) = postSolution
		{2060E7BD-E46B-484A-AA45-102FBB90B559}.Debug|Any CPU.ActiveCfg = Debug|Any CPU
		{2060E7BD-E46B-484A-AA45-102FBB90B559}.Debug|Any CPU.Build.0 = Debug|Any CPU
		{2060E7BD-E46B-484A-AA45-102FBB90B559}.Release|Any CPU.ActiveCfg = Release|Any CPU
		{2060E7BD-E46B-484A-AA45-102FBB90B559}.Release|Any CPU.Build.0 = Release|Any CPU
	EndGlobalSection
	GlobalSection(SolutionProperties) = preSolution
		HideSolutionNode = FALSE
	EndGlobalSection
	GlobalSection(ExtensibilityGlobals) = postSolution
		SolutionGuid = {9527079F-43CD-4528-A0B1-DDAF27C94AB6}
	EndGlobalSection
EndGlobal
